
Microsoft Visual Studio Solution File, Format Version 12.00
# Visual Studio Version 17
VisualStudioVersion = 17.2.32616.157
MinimumVisualStudioVersion = 10.0.40219.1
Project("{FAE04EC0-301F-11D3-BF4B-00C04F79EFBC}") = "D15BinaryTree", "D15BinaryTree.csproj", "{2253D53E-6FFB-4A94-A6F4-CA53491BD110}"
EndProject
Global
	GlobalSection(SolutionConfigurationPlatforms) = preSolution
		Debug|Any CPU = Debug|Any CPU
		Release|Any CPU = Release|Any CPU
	EndGlobalSection
	GlobalSection(ProjectConfigurationPlatforms) = postSolution
		{2253D53E-6FFB-4A94-A6F4-CA53491BD110}.Debug|Any CPU.ActiveCfg = Debug|Any CPU
		{2253D53E-6FFB-4A94-A6F4-CA53491BD110}.Debug|Any CPU.Build.0 = Debug|Any CPU
		{2253D53E-6FFB-4A94-A6F4-CA53491BD110}.Release|Any CPU.ActiveCfg = Release|Any CPU
		{2253D53E-6FFB-4A94-A6F4-CA53491BD110}.Release|Any CPU.Build.0 = Release|Any CPU
	EndGlobalSection
	GlobalSection(SolutionProperties) = preSolution
		HideSolutionNode = FALSE
	EndGlobalSection
	GlobalSection(ExtensibilityGlobals) = postSolution
		SolutionGuid = {8264CDEF-F763-443F-B03D-20E6576E63A8}
	EndGlobalSection
EndGlobal
